
Microsoft Visual Studio Solution File, Format Version 12.00
# Visual Studio Version 16
VisualStudioVersion = 16.0.34301.259
MinimumVisualStudioVersion = 10.0.40219.1
Project("{FAE04EC0-301F-11D3-BF4B-00C04F79EFBC}") = "TryCatchAssignment", "TryCatchAssignment\TryCatchAssignment.csproj", "{AA4438C5-2F81-430B-A951-C7F0CCAC65FD}"
EndProject
Global
	GlobalSection(SolutionConfigurationPlatforms) = preSolution
		Debug|Any CPU = Debug|Any CPU
		Release|Any CPU = Release|Any CPU
	EndGlobalSection
	GlobalSection(ProjectConfigurationPlatforms) = postSolution
		{AA4438C5-2F81-430B-A951-C7F0CCAC65FD}.Debug|Any CPU.ActiveCfg = Debug|Any CPU
		{AA4438C5-2F81-430B-A951-C7F0CCAC65FD}.Debug|Any CPU.Build.0 = Debug|Any CPU
		{AA4438C5-2F81-430B-A951-C7F0CCAC65FD}.Release|Any CPU.ActiveCfg = Release|Any CPU
		{AA4438C5-2F81-430B-A951-C7F0CCAC65FD}.Release|Any CPU.Build.0 = Release|Any CPU
	EndGlobalSection
	GlobalSection(SolutionProperties) = preSolution
		HideSolutionNode = FALSE
	EndGlobalSection
	GlobalSection(ExtensibilityGlobals) = postSolution
		SolutionGuid = {EAAAD21D-6438-4C4D-BEA8-74243550E5A7}
	EndGlobalSection
EndGlobal
