
Microsoft Visual Studio Solution File, Format Version 12.00
# Visual Studio Version 16
VisualStudioVersion = 16.0.34301.259
MinimumVisualStudioVersion = 10.0.40219.1
Project("{FAE04EC0-301F-11D3-BF4B-00C04F79EFBC}") = "StructAssignment", "StructAssignment\StructAssignment.csproj", "{D9BB6E69-EF81-490B-BFAB-D6B326F99FB8}"
EndProject
Global
	GlobalSection(SolutionConfigurationPlatforms) = preSolution
		Debug|Any CPU = Debug|Any CPU
		Release|Any CPU = Release|Any CPU
	EndGlobalSection
	GlobalSection(ProjectConfigurationPlatforms) = postSolution
		{D9BB6E69-EF81-490B-BFAB-D6B326F99FB8}.Debug|Any CPU.ActiveCfg = Debug|Any CPU
		{D9BB6E69-EF81-490B-BFAB-D6B326F99FB8}.Debug|Any CPU.Build.0 = Debug|Any CPU
		{D9BB6E69-EF81-490B-BFAB-D6B326F99FB8}.Release|Any CPU.ActiveCfg = Release|Any CPU
		{D9BB6E69-EF81-490B-BFAB-D6B326F99FB8}.Release|Any CPU.Build.0 = Release|Any CPU
	EndGlobalSection
	GlobalSection(SolutionProperties) = preSolution
		HideSolutionNode = FALSE
	EndGlobalSection
	GlobalSection(ExtensibilityGlobals) = postSolution
		SolutionGuid = {D17DE06D-5238-4708-AB18-F97A16D6BB66}
	EndGlobalSection
EndGlobal
