
Microsoft Visual Studio Solution File, Format Version 12.00
# Visual Studio Version 16
VisualStudioVersion = 16.0.34301.259
MinimumVisualStudioVersion = 10.0.40219.1
Project("{FAE04EC0-301F-11D3-BF4B-00C04F79EFBC}") = "ParsingEnums", "ParsingEnums\ParsingEnums.csproj", "{593ED032-48CE-4885-992D-F9444EC7223B}"
EndProject
Global
	GlobalSection(SolutionConfigurationPlatforms) = preSolution
		Debug|Any CPU = Debug|Any CPU
		Release|Any CPU = Release|Any CPU
	EndGlobalSection
	GlobalSection(ProjectConfigurationPlatforms) = postSolution
		{593ED032-48CE-4885-992D-F9444EC7223B}.Debug|Any CPU.ActiveCfg = Debug|Any CPU
		{593ED032-48CE-4885-992D-F9444EC7223B}.Debug|Any CPU.Build.0 = Debug|Any CPU
		{593ED032-48CE-4885-992D-F9444EC7223B}.Release|Any CPU.ActiveCfg = Release|Any CPU
		{593ED032-48CE-4885-992D-F9444EC7223B}.Release|Any CPU.Build.0 = Release|Any CPU
	EndGlobalSection
	GlobalSection(SolutionProperties) = preSolution
		HideSolutionNode = FALSE
	EndGlobalSection
	GlobalSection(ExtensibilityGlobals) = postSolution
		SolutionGuid = {BC25111D-6C13-4774-B2F2-907BC28D25F9}
	EndGlobalSection
EndGlobal
