
Microsoft Visual Studio Solution File, Format Version 12.00
# Visual Studio Version 17
VisualStudioVersion = 17.9.34616.47
MinimumVisualStudioVersion = 10.0.40219.1
Project("{FAE04EC0-301F-11D3-BF4B-00C04F79EFBC}") = "ChallengeSubmission", "ChallengeSubmission\ChallengeSubmission.csproj", "{8F4C0514-BAD6-49CD-A786-D46758A899C7}"
EndProject
Global
	GlobalSection(SolutionConfigurationPlatforms) = preSolution
		Debug|Any CPU = Debug|Any CPU
		Release|Any CPU = Release|Any CPU
	EndGlobalSection
	GlobalSection(ProjectConfigurationPlatforms) = postSolution
		{8F4C0514-BAD6-49CD-A786-D46758A899C7}.Debug|Any CPU.ActiveCfg = Debug|Any CPU
		{8F4C0514-BAD6-49CD-A786-D46758A899C7}.Debug|Any CPU.Build.0 = Debug|Any CPU
		{8F4C0514-BAD6-49CD-A786-D46758A899C7}.Release|Any CPU.ActiveCfg = Release|Any CPU
		{8F4C0514-BAD6-49CD-A786-D46758A899C7}.Release|Any CPU.Build.0 = Release|Any CPU
	EndGlobalSection
	GlobalSection(SolutionProperties) = preSolution
		HideSolutionNode = FALSE
	EndGlobalSection
	GlobalSection(ExtensibilityGlobals) = postSolution
		SolutionGuid = {2C36397E-ABB7-4FE1-B2AA-545A14EFA44D}
	EndGlobalSection
EndGlobal
