
Microsoft Visual Studio Solution File, Format Version 12.00
# Visual Studio Version 16
VisualStudioVersion = 16.0.34301.259
MinimumVisualStudioVersion = 10.0.40219.1
Project("{FAE04EC0-301F-11D3-BF4B-00C04F79EFBC}") = "BooleanLogic", "BooleanLogic\BooleanLogic.csproj", "{7A6FE4BD-D6F9-4FBE-9371-81E1B26C32E2}"
EndProject
Global
	GlobalSection(SolutionConfigurationPlatforms) = preSolution
		Debug|Any CPU = Debug|Any CPU
		Release|Any CPU = Release|Any CPU
	EndGlobalSection
	GlobalSection(ProjectConfigurationPlatforms) = postSolution
		{7A6FE4BD-D6F9-4FBE-9371-81E1B26C32E2}.Debug|Any CPU.ActiveCfg = Debug|Any CPU
		{7A6FE4BD-D6F9-4FBE-9371-81E1B26C32E2}.Debug|Any CPU.Build.0 = Debug|Any CPU
		{7A6FE4BD-D6F9-4FBE-9371-81E1B26C32E2}.Release|Any CPU.ActiveCfg = Release|Any CPU
		{7A6FE4BD-D6F9-4FBE-9371-81E1B26C32E2}.Release|Any CPU.Build.0 = Release|Any CPU
	EndGlobalSection
	GlobalSection(SolutionProperties) = preSolution
		HideSolutionNode = FALSE
	EndGlobalSection
	GlobalSection(ExtensibilityGlobals) = postSolution
		SolutionGuid = {F730717C-0B9B-4E85-9799-81921BF2A83E}
	EndGlobalSection
EndGlobal
