
Microsoft Visual Studio Solution File, Format Version 12.00
# Visual Studio Version 16
VisualStudioVersion = 16.0.34301.259
MinimumVisualStudioVersion = 10.0.40219.1
Project("{FAE04EC0-301F-11D3-BF4B-00C04F79EFBC}") = "MethodSubmission", "MethodSubmission\MethodSubmission.csproj", "{3D1F57D0-6A2D-4EDC-B25D-D410C55B8280}"
EndProject
Global
	GlobalSection(SolutionConfigurationPlatforms) = preSolution
		Debug|Any CPU = Debug|Any CPU
		Release|Any CPU = Release|Any CPU
	EndGlobalSection
	GlobalSection(ProjectConfigurationPlatforms) = postSolution
		{3D1F57D0-6A2D-4EDC-B25D-D410C55B8280}.Debug|Any CPU.ActiveCfg = Debug|Any CPU
		{3D1F57D0-6A2D-4EDC-B25D-D410C55B8280}.Debug|Any CPU.Build.0 = Debug|Any CPU
		{3D1F57D0-6A2D-4EDC-B25D-D410C55B8280}.Release|Any CPU.ActiveCfg = Release|Any CPU
		{3D1F57D0-6A2D-4EDC-B25D-D410C55B8280}.Release|Any CPU.Build.0 = Release|Any CPU
	EndGlobalSection
	GlobalSection(SolutionProperties) = preSolution
		HideSolutionNode = FALSE
	EndGlobalSection
	GlobalSection(ExtensibilityGlobals) = postSolution
		SolutionGuid = {4241FCA0-77C1-402D-85EC-F0CB339542BB}
	EndGlobalSection
EndGlobal
